
Microsoft Visual Studio Solution File, Format Version 12.00
# Visual Studio Version 17
VisualStudioVersion = 17.4.33403.182
MinimumVisualStudioVersion = 10.0.40219.1
Project("{FAE04EC0-301F-11D3-BF4B-00C04F79EFBC}") = "Tabliczka mnożenia", "Tabliczka mnożenia\Tabliczka mnożenia.csproj", "{3DABCD9B-4F77-4EE1-93FE-4900E8113D4B}"
EndProject
Global
	GlobalSection(SolutionConfigurationPlatforms) = preSolution
		Debug|Any CPU = Debug|Any CPU
		Release|Any CPU = Release|Any CPU
	EndGlobalSection
	GlobalSection(ProjectConfigurationPlatforms) = postSolution
		{3DABCD9B-4F77-4EE1-93FE-4900E8113D4B}.Debug|Any CPU.ActiveCfg = Debug|Any CPU
		{3DABCD9B-4F77-4EE1-93FE-4900E8113D4B}.Debug|Any CPU.Build.0 = Debug|Any CPU
		{3DABCD9B-4F77-4EE1-93FE-4900E8113D4B}.Release|Any CPU.ActiveCfg = Release|Any CPU
		{3DABCD9B-4F77-4EE1-93FE-4900E8113D4B}.Release|Any CPU.Build.0 = Release|Any CPU
	EndGlobalSection
	GlobalSection(SolutionProperties) = preSolution
		HideSolutionNode = FALSE
	EndGlobalSection
	GlobalSection(ExtensibilityGlobals) = postSolution
		SolutionGuid = {177EF659-1267-462E-A20D-0C7487712C91}
	EndGlobalSection
EndGlobal
